PODS:
  - ADCategories (0.1.0)
  - MBProgressHUD (1.2.0)

DEPENDENCIES:
  - ADCategories (from `../`)
  - MBProgressHUD

SPEC REPOS:
  trunk:
    - MBProgressHUD

EXTERNAL SOURCES:
  ADCategories:
    :path: "../"

SPEC CHECKSUMS:
  ADCategories: d566a125b70fbad0b11071659c774de8d1a82f47
  MBProgressHUD: 3ee5efcc380f6a79a7cc9b363dd669c5e1ae7406

PODFILE CHECKSUM: cfb465b39ef2ef5fdbd03cdb87a04eb2e2f1e426

COCOAPODS: 1.9.1
