// !$*UTF8*$!
{
	archiveVersion = 1;
	classes = {
	};
	objectVersion = 46;
	objects = {

/* Begin PBXBuildFile section */
		126E46E324372120009A91D2 /* UIImage+ADExtension.m in Sources */ = {isa = PBXBuildFile; fileRef = 126E468624372120009A91D2 /* UIImage+ADExtension.m */; };
		126E46E424372120009A91D2 /* UIButton+ADImagePosition.m in Sources */ = {isa = PBXBuildFile; fileRef = 126E468F24372120009A91D2 /* UIButton+ADImagePosition.m */; };
		126E46E524372120009A91D2 /* UIColor+ADExtension.m in Sources */ = {isa = PBXBuildFile; fileRef = 126E469324372120009A91D2 /* UIColor+ADExtension.m */; };
		126E46E624372120009A91D2 /* UIView+ADExtension.m in Sources */ = {isa = PBXBuildFile; fileRef = 126E469824372120009A91D2 /* UIView+ADExtension.m */; };
		126E46E724372120009A91D2 /* UIView+ADFrame.m in Sources */ = {isa = PBXBuildFile; fileRef = 126E469B24372120009A91D2 /* UIView+ADFrame.m */; };
		126E46E824372120009A91D2 /* UITextView+Placeholder.m in Sources */ = {isa = PBXBuildFile; fileRef = 126E469F24372120009A91D2 /* UITextView+Placeholder.m */; };
		126E46E924372120009A91D2 /* UIBarButtonItem+JSExtension.m in Sources */ = {isa = PBXBuildFile; fileRef = 126E46A324372120009A91D2 /* UIBarButtonItem+JSExtension.m */; };
		126E46EA24372120009A91D2 /* UIImageView+HJCornerRadius.m in Sources */ = {isa = PBXBuildFile; fileRef = 126E46A824372120009A91D2 /* UIImageView+HJCornerRadius.m */; };
		126E46EB24372120009A91D2 /* NSString+ADExtension.m in Sources */ = {isa = PBXBuildFile; fileRef = 126E46BF24372120009A91D2 /* NSString+ADExtension.m */; };
		126E46EC24372120009A91D2 /* NSMutableArray+ADSwizzling.m in Sources */ = {isa = PBXBuildFile; fileRef = 126E46C324372120009A91D2 /* NSMutableArray+ADSwizzling.m */; };
		126E46ED24372120009A91D2 /* NSObject+ADProperty.m in Sources */ = {isa = PBXBuildFile; fileRef = 126E46CC24372120009A91D2 /* NSObject+ADProperty.m */; };
		126E46EE24372120009A91D2 /* MBProgressHUD+Extension.m in Sources */ = {isa = PBXBuildFile; fileRef = 126E46E124372120009A91D2 /* MBProgressHUD+Extension.m */; };
		126E46EF24372120009A91D2 /* MBProgressHUD.bundle in Resources */ = {isa = PBXBuildFile; fileRef = 126E46E224372120009A91D2 /* MBProgressHUD.bundle */; };
		5237561E21F51E1E518F61BD /* Pods_ADCategories_Tests.framework in Frameworks */ = {isa = PBXBuildFile; fileRef = 1970ED4A7D43AD2FCBDACFD5 /* Pods_ADCategories_Tests.framework */; };
		6003F58E195388D20070C39A /* Foundation.framework in Frameworks */ = {isa = PBXBuildFile; fileRef = 6003F58D195388D20070C39A /* Foundation.framework */; };
		6003F590195388D20070C39A /* CoreGraphics.framework in Frameworks */ = {isa = PBXBuildFile; fileRef = 6003F58F195388D20070C39A /* CoreGraphics.framework */; };
		6003F592195388D20070C39A /* UIKit.framework in Frameworks */ = {isa = PBXBuildFile; fileRef = 6003F591195388D20070C39A /* UIKit.framework */; };
		6003F59A195388D20070C39A /* main.m in Sources */ = {isa = PBXBuildFile; fileRef = 6003F599195388D20070C39A /* main.m */; };
		6003F59E195388D20070C39A /* AppDelegate.m in Sources */ = {isa = PBXBuildFile; fileRef = 6003F59D195388D20070C39A /* AppDelegate.m */; };
		6003F5A7195388D20070C39A /* ViewController.m in Sources */ = {isa = PBXBuildFile; fileRef = 6003F5A6195388D20070C39A /* ViewController.m */; };
		6003F5A9195388D20070C39A /* Assets.xcassets in Resources */ = {isa = PBXBuildFile; fileRef = 6003F5A8195388D20070C39A /* Assets.xcassets */; };
		6003F5B0195388D20070C39A /* XCTest.framework in Frameworks */ = {isa = PBXBuildFile; fileRef = 6003F5AF195388D20070C39A /* XCTest.framework */; };
		6003F5B1195388D20070C39A /* Foundation.framework in Frameworks */ = {isa = PBXBuildFile; fileRef = 6003F58D195388D20070C39A /* Foundation.framework */; };
		6003F5B2195388D20070C39A /* UIKit.framework in Frameworks */ = {isa = PBXBuildFile; fileRef = 6003F591195388D20070C39A /* UIKit.framework */; };
		6003F5BC195388D20070C39A /* Tests.m in Sources */ = {isa = PBXBuildFile; fileRef = 6003F5BB195388D20070C39A /* Tests.m */; };
		71719F9F1E33DC2100824A3D /* LaunchScreen.storyboard in Resources */ = {isa = PBXBuildFile; fileRef = 71719F9D1E33DC2100824A3D /* LaunchScreen.storyboard */; };
		873B8AEB1B1F5CCA007FD442 /* Main.storyboard in Resources */ = {isa = PBXBuildFile; fileRef = 873B8AEA1B1F5CCA007FD442 /* Main.storyboard */; };
		B407F155C1225685F81AB241 /* Pods_ADCategories_Example.framework in Frameworks */ = {isa = PBXBuildFile; fileRef = 4D8874DE35624601D76A9CEF /* Pods_ADCategories_Example.framework */; };
/* End PBXBuildFile section */

/* Begin PBXContainerItemProxy section */
		6003F5B3195388D20070C39A /* PBXContainerItemProxy */ = {
			isa = PBXContainerItemProxy;
			containerPortal = 6003F582195388D10070C39A /* Project object */;
			proxyType = 1;
			remoteGlobalIDString = 6003F589195388D20070C39A;
			remoteInfo = ADCategories;
		};
/* End PBXContainerItemProxy section */

/* Begin PBXFileReference section */
		026D680FC9840FF04AF3ED16 /* Pods-ADCategories_Example.debug.xcconfig */ = {isa = PBXFileReference; includeInIndex = 1; lastKnownFileType = text.xcconfig; name = "Pods-ADCategories_Example.debug.xcconfig"; path = "Target Support Files/Pods-ADCategories_Example/Pods-ADCategories_Example.debug.xcconfig"; sourceTree = "<group>"; };
		126E468524372120009A91D2 /* UIImage+ADExtension.h */ = {isa = PBXFileReference; fileEncoding = 4; lastKnownFileType = sourcecode.c.h; path = "UIImage+ADExtension.h"; sourceTree = "<group>"; };
		126E468624372120009A91D2 /* UIImage+ADExtension.m */ = {isa = PBXFileReference; fileEncoding = 4; lastKnownFileType = sourcecode.c.objc; path = "UIImage+ADExtension.m"; sourceTree = "<group>"; };
		126E468F24372120009A91D2 /* UIButton+ADImagePosition.m */ = {isa = PBXFileReference; fileEncoding = 4; lastKnownFileType = sourcecode.c.objc; path = "UIButton+ADImagePosition.m"; sourceTree = "<group>"; };
		126E469024372120009A91D2 /* UIButton+ADImagePosition.h */ = {isa = PBXFileReference; fileEncoding = 4; lastKnownFileType = sourcecode.c.h; path = "UIButton+ADImagePosition.h"; sourceTree = "<group>"; };
		126E469224372120009A91D2 /* UIColor+ADExtension.h */ = {isa = PBXFileReference; fileEncoding = 4; lastKnownFileType = sourcecode.c.h; path = "UIColor+ADExtension.h"; sourceTree = "<group>"; };
		126E469324372120009A91D2 /* UIColor+ADExtension.m */ = {isa = PBXFileReference; fileEncoding = 4; lastKnownFileType = sourcecode.c.objc; path = "UIColor+ADExtension.m"; sourceTree = "<group>"; };
		126E469824372120009A91D2 /* UIView+ADExtension.m */ = {isa = PBXFileReference; fileEncoding = 4; lastKnownFileType = sourcecode.c.objc; path = "UIView+ADExtension.m"; sourceTree = "<group>"; };
		126E469924372120009A91D2 /* UIView+ADFrame.h */ = {isa = PBXFileReference; fileEncoding = 4; lastKnownFileType = sourcecode.c.h; path = "UIView+ADFrame.h"; sourceTree = "<group>"; };
		126E469A24372120009A91D2 /* UIView+ADExtension.h */ = {isa = PBXFileReference; fileEncoding = 4; lastKnownFileType = sourcecode.c.h; path = "UIView+ADExtension.h"; sourceTree = "<group>"; };
		126E469B24372120009A91D2 /* UIView+ADFrame.m */ = {isa = PBXFileReference; fileEncoding = 4; lastKnownFileType = sourcecode.c.objc; path = "UIView+ADFrame.m"; sourceTree = "<group>"; };
		126E469F24372120009A91D2 /* UITextView+Placeholder.m */ = {isa = PBXFileReference; fileEncoding = 4; lastKnownFileType = sourcecode.c.objc; path = "UITextView+Placeholder.m"; sourceTree = "<group>"; };
		126E46A024372120009A91D2 /* UITextView+Placeholder.h */ = {isa = PBXFileReference; fileEncoding = 4; lastKnownFileType = sourcecode.c.h; path = "UITextView+Placeholder.h"; sourceTree = "<group>"; };
		126E46A324372120009A91D2 /* UIBarButtonItem+JSExtension.m */ = {isa = PBXFileReference; fileEncoding = 4; lastKnownFileType = sourcecode.c.objc; path = "UIBarButtonItem+JSExtension.m"; sourceTree = "<group>"; };
		126E46A424372120009A91D2 /* UIBarButtonItem+JSExtension.h */ = {isa = PBXFileReference; fileEncoding = 4; lastKnownFileType = sourcecode.c.h; path = "UIBarButtonItem+JSExtension.h"; sourceTree = "<group>"; };
		126E46A724372120009A91D2 /* UIImageView+HJCornerRadius.h */ = {isa = PBXFileReference; fileEncoding = 4; lastKnownFileType = sourcecode.c.h; path = "UIImageView+HJCornerRadius.h"; sourceTree = "<group>"; };
		126E46A824372120009A91D2 /* UIImageView+HJCornerRadius.m */ = {isa = PBXFileReference; fileEncoding = 4; lastKnownFileType = sourcecode.c.objc; path = "UIImageView+HJCornerRadius.m"; sourceTree = "<group>"; };
		126E46BF24372120009A91D2 /* NSString+ADExtension.m */ = {isa = PBXFileReference; fileEncoding = 4; lastKnownFileType = sourcecode.c.objc; path = "NSString+ADExtension.m"; sourceTree = "<group>"; };
		126E46C024372120009A91D2 /* NSString+ADExtension.h */ = {isa = PBXFileReference; fileEncoding = 4; lastKnownFileType = sourcecode.c.h; path = "NSString+ADExtension.h"; sourceTree = "<group>"; };
		126E46C324372120009A91D2 /* NSMutableArray+ADSwizzling.m */ = {isa = PBXFileReference; fileEncoding = 4; lastKnownFileType = sourcecode.c.objc; path = "NSMutableArray+ADSwizzling.m"; sourceTree = "<group>"; };
		126E46C424372120009A91D2 /* NSMutableArray+ADSwizzling.h */ = {isa = PBXFileReference; fileEncoding = 4; lastKnownFileType = sourcecode.c.h; path = "NSMutableArray+ADSwizzling.h"; sourceTree = "<group>"; };
		126E46CB24372120009A91D2 /* NSObject+ADProperty.h */ = {isa = PBXFileReference; fileEncoding = 4; lastKnownFileType = sourcecode.c.h; path = "NSObject+ADProperty.h"; sourceTree = "<group>"; };
		126E46CC24372120009A91D2 /* NSObject+ADProperty.m */ = {isa = PBXFileReference; fileEncoding = 4; lastKnownFileType = sourcecode.c.objc; path = "NSObject+ADProperty.m"; sourceTree = "<group>"; };
		126E46E024372120009A91D2 /* MBProgressHUD+Extension.h */ = {isa = PBXFileReference; fileEncoding = 4; lastKnownFileType = sourcecode.c.h; path = "MBProgressHUD+Extension.h"; sourceTree = "<group>"; };
		126E46E124372120009A91D2 /* MBProgressHUD+Extension.m */ = {isa = PBXFileReference; fileEncoding = 4; lastKnownFileType = sourcecode.c.objc; path = "MBProgressHUD+Extension.m"; sourceTree = "<group>"; };
		126E46E224372120009A91D2 /* MBProgressHUD.bundle */ = {isa = PBXFileReference; lastKnownFileType = "wrapper.plug-in"; path = MBProgressHUD.bundle; sourceTree = "<group>"; };
		1970ED4A7D43AD2FCBDACFD5 /* Pods_ADCategories_Tests.framework */ = {isa = PBXFileReference; explicitFileType = wrapper.framework; includeInIndex = 0; path = Pods_ADCategories_Tests.framework; sourceTree = BUILT_PRODUCTS_DIR; };
		3D499210265334D764C4925C /* ADCategories.podspec */ = {isa = PBXFileReference; includeInIndex = 1; lastKnownFileType = text; name = ADCategories.podspec; path = ../ADCategories.podspec; sourceTree = "<group>"; xcLanguageSpecificationIdentifier = xcode.lang.ruby; };
		44E4331735E29665131E7D26 /* README.md */ = {isa = PBXFileReference; includeInIndex = 1; lastKnownFileType = net.daringfireball.markdown; name = README.md; path = ../README.md; sourceTree = "<group>"; };
		4D8874DE35624601D76A9CEF /* Pods_ADCategories_Example.framework */ = {isa = PBXFileReference; explicitFileType = wrapper.framework; includeInIndex = 0; path = Pods_ADCategories_Example.framework; sourceTree = BUILT_PRODUCTS_DIR; };
		6003F58A195388D20070C39A /* ADCategories_Example.app */ = {isa = PBXFileReference; explicitFileType = wrapper.application; includeInIndex = 0; path = ADCategories_Example.app; sourceTree = BUILT_PRODUCTS_DIR; };
		6003F58D195388D20070C39A /* Foundation.framework */ = {isa = PBXFileReference; lastKnownFileType = wrapper.framework; name = Foundation.framework; path = System/Library/Frameworks/Foundation.framework; sourceTree = SDKROOT; };
		6003F58F195388D20070C39A /* CoreGraphics.framework */ = {isa = PBXFileReference; lastKnownFileType = wrapper.framework; name = CoreGraphics.framework; path = System/Library/Frameworks/CoreGraphics.framework; sourceTree = SDKROOT; };
		6003F591195388D20070C39A /* UIKit.framework */ = {isa = PBXFileReference; lastKnownFileType = wrapper.framework; name = UIKit.framework; path = System/Library/Frameworks/UIKit.framework; sourceTree = SDKROOT; };
		6003F595195388D20070C39A /* info.plist */ = {isa = PBXFileReference; lastKnownFileType = text.plist.xml; path = info.plist; sourceTree = "<group>"; };
		6003F599195388D20070C39A /* main.m */ = {isa = PBXFileReference; lastKnownFileType = sourcecode.c.objc; path = main.m; sourceTree = "<group>"; };
		6003F59C195388D20070C39A /* AppDelegate.h */ = {isa = PBXFileReference; lastKnownFileType = sourcecode.c.h; path = AppDelegate.h; sourceTree = "<group>"; };
		6003F59D195388D20070C39A /* AppDelegate.m */ = {isa = PBXFileReference; lastKnownFileType = sourcecode.c.objc; path = AppDelegate.m; sourceTree = "<group>"; };
		6003F5A5195388D20070C39A /* ViewController.h */ = {isa = PBXFileReference; lastKnownFileType = sourcecode.c.h; path = ViewController.h; sourceTree = "<group>"; };
		6003F5A6195388D20070C39A /* ViewController.m */ = {isa = PBXFileReference; lastKnownFileType = sourcecode.c.objc; path = ViewController.m; sourceTree = "<group>"; };
		6003F5A8195388D20070C39A /* Assets.xcassets */ = {isa = PBXFileReference; lastKnownFileType = folder.assetcatalog; path = Assets.xcassets; sourceTree = "<group>"; };
		6003F5AE195388D20070C39A /* ADCategories_Tests.xctest */ = {isa = PBXFileReference; explicitFileType = wrapper.cfbundle; includeInIndex = 0; path = ADCategories_Tests.xctest; sourceTree = BUILT_PRODUCTS_DIR; };
		6003F5AF195388D20070C39A /* XCTest.framework */ = {isa = PBXFileReference; lastKnownFileType = wrapper.framework; name = XCTest.framework; path = Library/Frameworks/XCTest.framework; sourceTree = DEVELOPER_DIR; };
		6003F5B7195388D20070C39A /* Tests-Info.plist */ = {isa = PBXFileReference; lastKnownFileType = text.plist.xml; path = "Tests-Info.plist"; sourceTree = "<group>"; };
		6003F5BB195388D20070C39A /* Tests.m */ = {isa = PBXFileReference; lastKnownFileType = sourcecode.c.objc; path = Tests.m; sourceTree = "<group>"; };
		606FC2411953D9B200FFA9A0 /* Tests-Prefix.pch */ = {isa = PBXFileReference; lastKnownFileType = sourcecode.c.h; path = "Tests-Prefix.pch"; sourceTree = "<group>"; };
		71719F9E1E33DC2100824A3D /* Base */ = {isa = PBXFileReference; lastKnownFileType = file.storyboard; name = Base; path = Base.lproj/LaunchScreen.storyboard; sourceTree = "<group>"; };
		7475C059E51655C69823D9FA /* Pods-ADCategories_Example.release.xcconfig */ = {isa = PBXFileReference; includeInIndex = 1; lastKnownFileType = text.xcconfig; name = "Pods-ADCategories_Example.release.xcconfig"; path = "Target Support Files/Pods-ADCategories_Example/Pods-ADCategories_Example.release.xcconfig"; sourceTree = "<group>"; };
		873B8AEA1B1F5CCA007FD442 /* Main.storyboard */ = {isa = PBXFileReference; fileEncoding = 4; lastKnownFileType = file.storyboard; name = Main.storyboard; path = Base.lproj/Main.storyboard; sourceTree = "<group>"; };
		888C590EF6039933F2C154FD /* LICENSE */ = {isa = PBXFileReference; includeInIndex = 1; lastKnownFileType = text; name = LICENSE; path = ../LICENSE; sourceTree = "<group>"; };
		B471E58758EBA5546FAB888C /* Pods-ADCategories_Tests.release.xcconfig */ = {isa = PBXFileReference; includeInIndex = 1; lastKnownFileType = text.xcconfig; name = "Pods-ADCategories_Tests.release.xcconfig"; path = "Target Support Files/Pods-ADCategories_Tests/Pods-ADCategories_Tests.release.xcconfig"; sourceTree = "<group>"; };
		E178C8C3E169D53910FF1E19 /* Pods-ADCategories_Tests.debug.xcconfig */ = {isa = PBXFileReference; includeInIndex = 1; lastKnownFileType = text.xcconfig; name = "Pods-ADCategories_Tests.debug.xcconfig"; path = "Target Support Files/Pods-ADCategories_Tests/Pods-ADCategories_Tests.debug.xcconfig"; sourceTree = "<group>"; };
/* End PBXFileReference section */

/* Begin PBXFrameworksBuildPhase section */
		6003F587195388D20070C39A /* Frameworks */ = {
			isa = PBXFrameworksBuildPhase;
			buildActionMask = 2147483647;
			files = (
				6003F590195388D20070C39A /* CoreGraphics.framework in Frameworks */,
				6003F592195388D20070C39A /* UIKit.framework in Frameworks */,
				6003F58E195388D20070C39A /* Foundation.framework in Frameworks */,
				B407F155C1225685F81AB241 /* Pods_ADCategories_Example.framework in Frameworks */,
			);
			runOnlyForDeploymentPostprocessing = 0;
		};
		6003F5AB195388D20070C39A /* Frameworks */ = {
			isa = PBXFrameworksBuildPhase;
			buildActionMask = 2147483647;
			files = (
				6003F5B0195388D20070C39A /* XCTest.framework in Frameworks */,
				6003F5B2195388D20070C39A /* UIKit.framework in Frameworks */,
				6003F5B1195388D20070C39A /* Foundation.framework in Frameworks */,
				5237561E21F51E1E518F61BD /* Pods_ADCategories_Tests.framework in Frameworks */,
			);
			runOnlyForDeploymentPostprocessing = 0;
		};
/* End PBXFrameworksBuildPhase section */

/* Begin PBXGroup section */
		126E468224372120009A91D2 /* Classes */ = {
			isa = PBXGroup;
			children = (
				126E468324372120009A91D2 /* UIKit */,
				126E46B124372120009A91D2 /* Foundation */,
				126E46D024372120009A91D2 /* CoreData */,
				126E46D424372120009A91D2 /* MapKit */,
				126E46D624372120009A91D2 /* CoreLocation */,
				126E46D824372120009A91D2 /* QuartzCore */,
				126E46DE24372120009A91D2 /* Vender */,
			);
			name = Classes;
			path = ../../ADCategories/Classes;
			sourceTree = "<group>";
		};
		126E468324372120009A91D2 /* UIKit */ = {
			isa = PBXGroup;
			children = (
				126E468424372120009A91D2 /* UIImage */,
				126E468724372120009A91D2 /* UIScrollView */,
				126E468824372120009A91D2 /* UIScreen */,
				126E468924372120009A91D2 /* UIWindow */,
				126E468A24372120009A91D2 /* UILabel */,
				126E468B24372120009A91D2 /* UIApplication */,
				126E468C24372120009A91D2 /* UITableViewCell */,
				126E468D24372120009A91D2 /* UIResponder */,
				126E468E24372120009A91D2 /* UIButton */,
				126E469124372120009A91D2 /* UIColor */,
				126E469424372120009A91D2 /* UIWebView */,
				126E469524372120009A91D2 /* UIAlertView */,
				126E469624372120009A91D2 /* UISplitViewController */,
				126E469724372120009A91D2 /* UIView */,
				126E469C24372120009A91D2 /* UIFont */,
				126E469D24372120009A91D2 /* UINavigationItem */,
				126E469E24372120009A91D2 /* UITextView */,
				126E46A124372120009A91D2 /* UIDevice */,
				126E46A224372120009A91D2 /* UIBarButtonItem */,
				126E46A524372120009A91D2 /* UIBezierPath */,
				126E46A624372120009A91D2 /* UIImageView */,
				126E46A924372120009A91D2 /* UINavigationBar */,
				126E46AA24372120009A91D2 /* UIViewController */,
				126E46AB24372120009A91D2 /* UINavigationController */,
				126E46AC24372120009A91D2 /* UITableView */,
				126E46AD24372120009A91D2 /* UISearchBar */,
				126E46AE24372120009A91D2 /* UIControl */,
				126E46AF24372120009A91D2 /* UIPopoverController */,
				126E46B024372120009A91D2 /* UITextField */,
			);
			path = UIKit;
			sourceTree = "<group>";
		};
		126E468424372120009A91D2 /* UIImage */ = {
			isa = PBXGroup;
			children = (
				126E468524372120009A91D2 /* UIImage+ADExtension.h */,
				126E468624372120009A91D2 /* UIImage+ADExtension.m */,
			);
			path = UIImage;
			sourceTree = "<group>";
		};
		126E468724372120009A91D2 /* UIScrollView */ = {
			isa = PBXGroup;
			children = (
			);
			path = UIScrollView;
			sourceTree = "<group>";
		};
		126E468824372120009A91D2 /* UIScreen */ = {
			isa = PBXGroup;
			children = (
			);
			path = UIScreen;
			sourceTree = "<group>";
		};
		126E468924372120009A91D2 /* UIWindow */ = {
			isa = PBXGroup;
			children = (
			);
			path = UIWindow;
			sourceTree = "<group>";
		};
		126E468A24372120009A91D2 /* UILabel */ = {
			isa = PBXGroup;
			children = (
			);
			path = UILabel;
			sourceTree = "<group>";
		};
		126E468B24372120009A91D2 /* UIApplication */ = {
			isa = PBXGroup;
			children = (
			);
			path = UIApplication;
			sourceTree = "<group>";
		};
		126E468C24372120009A91D2 /* UITableViewCell */ = {
			isa = PBXGroup;
			children = (
			);
			path = UITableViewCell;
			sourceTree = "<group>";
		};
		126E468D24372120009A91D2 /* UIResponder */ = {
			isa = PBXGroup;
			children = (
			);
			path = UIResponder;
			sourceTree = "<group>";
		};
		126E468E24372120009A91D2 /* UIButton */ = {
			isa = PBXGroup;
			children = (
				126E468F24372120009A91D2 /* UIButton+ADImagePosition.m */,
				126E469024372120009A91D2 /* UIButton+ADImagePosition.h */,
			);
			path = UIButton;
			sourceTree = "<group>";
		};
		126E469124372120009A91D2 /* UIColor */ = {
			isa = PBXGroup;
			children = (
				126E469224372120009A91D2 /* UIColor+ADExtension.h */,
				126E469324372120009A91D2 /* UIColor+ADExtension.m */,
			);
			path = UIColor;
			sourceTree = "<group>";
		};
		126E469424372120009A91D2 /* UIWebView */ = {
			isa = PBXGroup;
			children = (
			);
			path = UIWebView;
			sourceTree = "<group>";
		};
		126E469524372120009A91D2 /* UIAlertView */ = {
			isa = PBXGroup;
			children = (
			);
			path = UIAlertView;
			sourceTree = "<group>";
		};
		126E469624372120009A91D2 /* UISplitViewController */ = {
			isa = PBXGroup;
			children = (
			);
			path = UISplitViewController;
			sourceTree = "<group>";
		};
		126E469724372120009A91D2 /* UIView */ = {
			isa = PBXGroup;
			children = (
				126E469824372120009A91D2 /* UIView+ADExtension.m */,
				126E469924372120009A91D2 /* UIView+ADFrame.h */,
				126E469A24372120009A91D2 /* UIView+ADExtension.h */,
				126E469B24372120009A91D2 /* UIView+ADFrame.m */,
			);
			path = UIView;
			sourceTree = "<group>";
		};
		126E469C24372120009A91D2 /* UIFont */ = {
			isa = PBXGroup;
			children = (
			);
			path = UIFont;
			sourceTree = "<group>";
		};
		126E469D24372120009A91D2 /* UINavigationItem */ = {
			isa = PBXGroup;
			children = (
			);
			path = UINavigationItem;
			sourceTree = "<group>";
		};
		126E469E24372120009A91D2 /* UITextView */ = {
			isa = PBXGroup;
			children = (
				126E469F24372120009A91D2 /* UITextView+Placeholder.m */,
				126E46A024372120009A91D2 /* UITextView+Placeholder.h */,
			);
			path = UITextView;
			sourceTree = "<group>";
		};
		126E46A124372120009A91D2 /* UIDevice */ = {
			isa = PBXGroup;
			children = (
			);
			path = UIDevice;
			sourceTree = "<group>";
		};
		126E46A224372120009A91D2 /* UIBarButtonItem */ = {
			isa = PBXGroup;
			children = (
				126E46A324372120009A91D2 /* UIBarButtonItem+JSExtension.m */,
				126E46A424372120009A91D2 /* UIBarButtonItem+JSExtension.h */,
			);
			path = UIBarButtonItem;
			sourceTree = "<group>";
		};
		126E46A524372120009A91D2 /* UIBezierPath */ = {
			isa = PBXGroup;
			children = (
			);
			path = UIBezierPath;
			sourceTree = "<group>";
		};
		126E46A624372120009A91D2 /* UIImageView */ = {
			isa = PBXGroup;
			children = (
				126E46A724372120009A91D2 /* UIImageView+HJCornerRadius.h */,
				126E46A824372120009A91D2 /* UIImageView+HJCornerRadius.m */,
			);
			path = UIImageView;
			sourceTree = "<group>";
		};
		126E46A924372120009A91D2 /* UINavigationBar */ = {
			isa = PBXGroup;
			children = (
			);
			path = UINavigationBar;
			sourceTree = "<group>";
		};
		126E46AA24372120009A91D2 /* UIViewController */ = {
			isa = PBXGroup;
			children = (
			);
			path = UIViewController;
			sourceTree = "<group>";
		};
		126E46AB24372120009A91D2 /* UINavigationController */ = {
			isa = PBXGroup;
			children = (
			);
			path = UINavigationController;
			sourceTree = "<group>";
		};
		126E46AC24372120009A91D2 /* UITableView */ = {
			isa = PBXGroup;
			children = (
			);
			path = UITableView;
			sourceTree = "<group>";
		};
		126E46AD24372120009A91D2 /* UISearchBar */ = {
			isa = PBXGroup;
			children = (
			);
			path = UISearchBar;
			sourceTree = "<group>";
		};
		126E46AE24372120009A91D2 /* UIControl */ = {
			isa = PBXGroup;
			children = (
			);
			path = UIControl;
			sourceTree = "<group>";
		};
		126E46AF24372120009A91D2 /* UIPopoverController */ = {
			isa = PBXGroup;
			children = (
			);
			path = UIPopoverController;
			sourceTree = "<group>";
		};
		126E46B024372120009A91D2 /* UITextField */ = {
			isa = PBXGroup;
			children = (
			);
			path = UITextField;
			sourceTree = "<group>";
		};
		126E46B124372120009A91D2 /* Foundation */ = {
			isa = PBXGroup;
			children = (
				126E46B224372120009A91D2 /* NSDictionary */,
				126E46B324372120009A91D2 /* NSHTTPCookieStorage */,
				126E46B424372120009A91D2 /* NSBundle */,
				126E46B524372120009A91D2 /* NSNotificationCenter */,
				126E46B624372120009A91D2 /* NSException */,
				126E46B724372120009A91D2 /* NSDateFormatter */,
				126E46B824372120009A91D2 /* NSURLConnection */,
				126E46B924372120009A91D2 /* NSFileManager */,
				126E46BA24372120009A91D2 /* NSFileHandle */,
				126E46BB24372120009A91D2 /* NSData */,
				126E46BC24372120009A91D2 /* NSURL */,
				126E46BD24372120009A91D2 /* NSIndexPath */,
				126E46BE24372120009A91D2 /* NSString */,
				126E46C124372120009A91D2 /* NSInvocation */,
				126E46C224372120009A91D2 /* NSArray */,
				126E46C524372120009A91D2 /* NSURLRequest */,
				126E46C624372120009A91D2 /* NSUserDefaults */,
				126E46C724372120009A91D2 /* NSNumber */,
				126E46C824372120009A91D2 /* NSTimer */,
				126E46C924372120009A91D2 /* NSSet */,
				126E46CA24372120009A91D2 /* NSObject */,
				126E46CD24372120009A91D2 /* NSURLSession */,
				126E46CE24372120009A91D2 /* NSRunLoop */,
				126E46CF24372120009A91D2 /* NSDate */,
			);
			path = Foundation;
			sourceTree = "<group>";
		};
		126E46B224372120009A91D2 /* NSDictionary */ = {
			isa = PBXGroup;
			children = (
			);
			path = NSDictionary;
			sourceTree = "<group>";
		};
		126E46B324372120009A91D2 /* NSHTTPCookieStorage */ = {
			isa = PBXGroup;
			children = (
			);
			path = NSHTTPCookieStorage;
			sourceTree = "<group>";
		};
		126E46B424372120009A91D2 /* NSBundle */ = {
			isa = PBXGroup;
			children = (
			);
			path = NSBundle;
			sourceTree = "<group>";
		};
		126E46B524372120009A91D2 /* NSNotificationCenter */ = {
			isa = PBXGroup;
			children = (
			);
			path = NSNotificationCenter;
			sourceTree = "<group>";
		};
		126E46B624372120009A91D2 /* NSException */ = {
			isa = PBXGroup;
			children = (
			);
			path = NSException;
			sourceTree = "<group>";
		};
		126E46B724372120009A91D2 /* NSDateFormatter */ = {
			isa = PBXGroup;
			children = (
			);
			path = NSDateFormatter;
			sourceTree = "<group>";
		};
		126E46B824372120009A91D2 /* NSURLConnection */ = {
			isa = PBXGroup;
			children = (
			);
			path = NSURLConnection;
			sourceTree = "<group>";
		};
		126E46B924372120009A91D2 /* NSFileManager */ = {
			isa = PBXGroup;
			children = (
			);
			path = NSFileManager;
			sourceTree = "<group>";
		};
		126E46BA24372120009A91D2 /* NSFileHandle */ = {
			isa = PBXGroup;
			children = (
			);
			path = NSFileHandle;
			sourceTree = "<group>";
		};
		126E46BB24372120009A91D2 /* NSData */ = {
			isa = PBXGroup;
			children = (
			);
			path = NSData;
			sourceTree = "<group>";
		};
		126E46BC24372120009A91D2 /* NSURL */ = {
			isa = PBXGroup;
			children = (
			);
			path = NSURL;
			sourceTree = "<group>";
		};
		126E46BD24372120009A91D2 /* NSIndexPath */ = {
			isa = PBXGroup;
			children = (
			);
			path = NSIndexPath;
			sourceTree = "<group>";
		};
		126E46BE24372120009A91D2 /* NSString */ = {
			isa = PBXGroup;
			children = (
				126E46BF24372120009A91D2 /* NSString+ADExtension.m */,
				126E46C024372120009A91D2 /* NSString+ADExtension.h */,
			);
			path = NSString;
			sourceTree = "<group>";
		};
		126E46C124372120009A91D2 /* NSInvocation */ = {
			isa = PBXGroup;
			children = (
			);
			path = NSInvocation;
			sourceTree = "<group>";
		};
		126E46C224372120009A91D2 /* NSArray */ = {
			isa = PBXGroup;
			children = (
				126E46C324372120009A91D2 /* NSMutableArray+ADSwizzling.m */,
				126E46C424372120009A91D2 /* NSMutableArray+ADSwizzling.h */,
			);
			path = NSArray;
			sourceTree = "<group>";
		};
		126E46C524372120009A91D2 /* NSURLRequest */ = {
			isa = PBXGroup;
			children = (
			);
			path = NSURLRequest;
			sourceTree = "<group>";
		};
		126E46C624372120009A91D2 /* NSUserDefaults */ = {
			isa = PBXGroup;
			children = (
			);
			path = NSUserDefaults;
			sourceTree = "<group>";
		};
		126E46C724372120009A91D2 /* NSNumber */ = {
			isa = PBXGroup;
			children = (
			);
			path = NSNumber;
			sourceTree = "<group>";
		};
		126E46C824372120009A91D2 /* NSTimer */ = {
			isa = PBXGroup;
			children = (
			);
			path = NSTimer;
			sourceTree = "<group>";
		};
		126E46C924372120009A91D2 /* NSSet */ = {
			isa = PBXGroup;
			children = (
			);
			path = NSSet;
			sourceTree = "<group>";
		};
		126E46CA24372120009A91D2 /* NSObject */ = {
			isa = PBXGroup;
			children = (
				126E46CB24372120009A91D2 /* NSObject+ADProperty.h */,
				126E46CC24372120009A91D2 /* NSObject+ADProperty.m */,
			);
			path = NSObject;
			sourceTree = "<group>";
		};
		126E46CD24372120009A91D2 /* NSURLSession */ = {
			isa = PBXGroup;
			children = (
			);
			path = NSURLSession;
			sourceTree = "<group>";
		};
		126E46CE24372120009A91D2 /* NSRunLoop */ = {
			isa = PBXGroup;
			children = (
			);
			path = NSRunLoop;
			sourceTree = "<group>";
		};
		126E46CF24372120009A91D2 /* NSDate */ = {
			isa = PBXGroup;
			children = (
			);
			path = NSDate;
			sourceTree = "<group>";
		};
		126E46D024372120009A91D2 /* CoreData */ = {
			isa = PBXGroup;
			children = (
				126E46D124372120009A91D2 /* NSManagedObject */,
				126E46D224372120009A91D2 /* NSManagedObjectContext */,
				126E46D324372120009A91D2 /* NSFetchRequest */,
			);
			path = CoreData;
			sourceTree = "<group>";
		};
		126E46D124372120009A91D2 /* NSManagedObject */ = {
			isa = PBXGroup;
			children = (
			);
			path = NSManagedObject;
			sourceTree = "<group>";
		};
		126E46D224372120009A91D2 /* NSManagedObjectContext */ = {
			isa = PBXGroup;
			children = (
			);
			path = NSManagedObjectContext;
			sourceTree = "<group>";
		};
		126E46D324372120009A91D2 /* NSFetchRequest */ = {
			isa = PBXGroup;
			children = (
			);
			path = NSFetchRequest;
			sourceTree = "<group>";
		};
		126E46D424372120009A91D2 /* MapKit */ = {
			isa = PBXGroup;
			children = (
				126E46D524372120009A91D2 /* MKMapView */,
			);
			path = MapKit;
			sourceTree = "<group>";
		};
		126E46D524372120009A91D2 /* MKMapView */ = {
			isa = PBXGroup;
			children = (
			);
			path = MKMapView;
			sourceTree = "<group>";
		};
		126E46D624372120009A91D2 /* CoreLocation */ = {
			isa = PBXGroup;
			children = (
				126E46D724372120009A91D2 /* CLLocation */,
			);
			path = CoreLocation;
			sourceTree = "<group>";
		};
		126E46D724372120009A91D2 /* CLLocation */ = {
			isa = PBXGroup;
			children = (
			);
			path = CLLocation;
			sourceTree = "<group>";
		};
		126E46D824372120009A91D2 /* QuartzCore */ = {
			isa = PBXGroup;
			children = (
				126E46D924372120009A91D2 /* CAMediaTimingFunction */,
				126E46DA24372120009A91D2 /* CAAnimation */,
				126E46DB24372120009A91D2 /* CAShapeLayer */,
				126E46DC24372120009A91D2 /* CALayer */,
				126E46DD24372120009A91D2 /* CATransaction */,
			);
			path = QuartzCore;
			sourceTree = "<group>";
		};
		126E46D924372120009A91D2 /* CAMediaTimingFunction */ = {
			isa = PBXGroup;
			children = (
			);
			path = CAMediaTimingFunction;
			sourceTree = "<group>";
		};
		126E46DA24372120009A91D2 /* CAAnimation */ = {
			isa = PBXGroup;
			children = (
			);
			path = CAAnimation;
			sourceTree = "<group>";
		};
		126E46DB24372120009A91D2 /* CAShapeLayer */ = {
			isa = PBXGroup;
			children = (
			);
			path = CAShapeLayer;
			sourceTree = "<group>";
		};
		126E46DC24372120009A91D2 /* CALayer */ = {
			isa = PBXGroup;
			children = (
			);
			path = CALayer;
			sourceTree = "<group>";
		};
		126E46DD24372120009A91D2 /* CATransaction */ = {
			isa = PBXGroup;
			children = (
			);
			path = CATransaction;
			sourceTree = "<group>";
		};
		126E46DE24372120009A91D2 /* Vender */ = {
			isa = PBXGroup;
			children = (
				126E46DF24372120009A91D2 /* MBProgressHUD */,
			);
			path = Vender;
			sourceTree = "<group>";
		};
		126E46DF24372120009A91D2 /* MBProgressHUD */ = {
			isa = PBXGroup;
			children = (
				126E46E024372120009A91D2 /* MBProgressHUD+Extension.h */,
				126E46E124372120009A91D2 /* MBProgressHUD+Extension.m */,
				126E46E224372120009A91D2 /* MBProgressHUD.bundle */,
			);
			path = MBProgressHUD;
			sourceTree = "<group>";
		};
		12F3DFAB23A9B80600843B33 /* Other */ = {
			isa = PBXGroup;
			children = (
				6003F59C195388D20070C39A /* AppDelegate.h */,
				6003F59D195388D20070C39A /* AppDelegate.m */,
				71719F9D1E33DC2100824A3D /* LaunchScreen.storyboard */,
				6003F595195388D20070C39A /* info.plist */,
				6003F599195388D20070C39A /* main.m */,
				6003F5A8195388D20070C39A /* Assets.xcassets */,
			);
			path = Other;
			sourceTree = "<group>";
		};
		6003F581195388D10070C39A = {
			isa = PBXGroup;
			children = (
				60FF7A9C1954A5C5007DD14C /* Podspec Metadata */,
				6003F593195388D20070C39A /* Example for ADCategories */,
				6003F5B5195388D20070C39A /* Tests */,
				6003F58C195388D20070C39A /* Frameworks */,
				6003F58B195388D20070C39A /* Products */,
				AFDDDA46C3C6AB272F9355BF /* Pods */,
			);
			sourceTree = "<group>";
		};
		6003F58B195388D20070C39A /* Products */ = {
			isa = PBXGroup;
			children = (
				6003F58A195388D20070C39A /* ADCategories_Example.app */,
				6003F5AE195388D20070C39A /* ADCategories_Tests.xctest */,
			);
			name = Products;
			sourceTree = "<group>";
		};
		6003F58C195388D20070C39A /* Frameworks */ = {
			isa = PBXGroup;
			children = (
				6003F58D195388D20070C39A /* Foundation.framework */,
				6003F58F195388D20070C39A /* CoreGraphics.framework */,
				6003F591195388D20070C39A /* UIKit.framework */,
				6003F5AF195388D20070C39A /* XCTest.framework */,
				4D8874DE35624601D76A9CEF /* Pods_ADCategories_Example.framework */,
				1970ED4A7D43AD2FCBDACFD5 /* Pods_ADCategories_Tests.framework */,
			);
			name = Frameworks;
			sourceTree = "<group>";
		};
		6003F593195388D20070C39A /* Example for ADCategories */ = {
			isa = PBXGroup;
			children = (
				126E468224372120009A91D2 /* Classes */,
				12F3DFAB23A9B80600843B33 /* Other */,
				873B8AEA1B1F5CCA007FD442 /* Main.storyboard */,
				6003F5A5195388D20070C39A /* ViewController.h */,
				6003F5A6195388D20070C39A /* ViewController.m */,
			);
			name = "Example for ADCategories";
			path = ADCategories;
			sourceTree = "<group>";
		};
		6003F5B5195388D20070C39A /* Tests */ = {
			isa = PBXGroup;
			children = (
				6003F5BB195388D20070C39A /* Tests.m */,
				6003F5B7195388D20070C39A /* Tests-Info.plist */,
				606FC2411953D9B200FFA9A0 /* Tests-Prefix.pch */,
			);
			path = Tests;
			sourceTree = "<group>";
		};
		60FF7A9C1954A5C5007DD14C /* Podspec Metadata */ = {
			isa = PBXGroup;
			children = (
				3D499210265334D764C4925C /* ADCategories.podspec */,
				44E4331735E29665131E7D26 /* README.md */,
				888C590EF6039933F2C154FD /* LICENSE */,
			);
			name = "Podspec Metadata";
			sourceTree = "<group>";
		};
		AFDDDA46C3C6AB272F9355BF /* Pods */ = {
			isa = PBXGroup;
			children = (
				026D680FC9840FF04AF3ED16 /* Pods-ADCategories_Example.debug.xcconfig */,
				7475C059E51655C69823D9FA /* Pods-ADCategories_Example.release.xcconfig */,
				E178C8C3E169D53910FF1E19 /* Pods-ADCategories_Tests.debug.xcconfig */,
				B471E58758EBA5546FAB888C /* Pods-ADCategories_Tests.release.xcconfig */,
			);
			path = Pods;
			sourceTree = "<group>";
		};
/* End PBXGroup section */

/* Begin PBXNativeTarget section */
		6003F589195388D20070C39A /* ADCategories_Example */ = {
			isa = PBXNativeTarget;
			buildConfigurationList = 6003F5BF195388D20070C39A /* Build configuration list for PBXNativeTarget "ADCategories_Example" */;
			buildPhases = (
				BCEDA1A0A69648D4E4DA9D09 /* [CP] Check Pods Manifest.lock */,
				6003F586195388D20070C39A /* Sources */,
				6003F587195388D20070C39A /* Frameworks */,
				6003F588195388D20070C39A /* Resources */,
				339D358CEF11F211A34EC26B /* [CP] Embed Pods Frameworks */,
			);
			buildRules = (
			);
			dependencies = (
			);
			name = ADCategories_Example;
			productName = ADCategories;
			productReference = 6003F58A195388D20070C39A /* ADCategories_Example.app */;
			productType = "com.apple.product-type.application";
		};
		6003F5AD195388D20070C39A /* ADCategories_Tests */ = {
			isa = PBXNativeTarget;
			buildConfigurationList = 6003F5C2195388D20070C39A /* Build configuration list for PBXNativeTarget "ADCategories_Tests" */;
			buildPhases = (
				A96A48EDF8FF39308FAB1E02 /* [CP] Check Pods Manifest.lock */,
				6003F5AA195388D20070C39A /* Sources */,
				6003F5AB195388D20070C39A /* Frameworks */,
				6003F5AC195388D20070C39A /* Resources */,
			);
			buildRules = (
			);
			dependencies = (
				6003F5B4195388D20070C39A /* PBXTargetDependency */,
			);
			name = ADCategories_Tests;
			productName = ADCategoriesTests;
			productReference = 6003F5AE195388D20070C39A /* ADCategories_Tests.xctest */;
			productType = "com.apple.product-type.bundle.unit-test";
		};
/* End PBXNativeTarget section */

/* Begin PBXProject section */
		6003F582195388D10070C39A /* Project object */ = {
			isa = PBXProject;
			attributes = {
				CLASSPREFIX = AD;
				LastUpgradeCheck = 1130;
				ORGANIZATIONNAME = goodswifter;
				TargetAttributes = {
					6003F5AD195388D20070C39A = {
						TestTargetID = 6003F589195388D20070C39A;
					};
				};
			};
			buildConfigurationList = 6003F585195388D10070C39A /* Build configuration list for PBXProject "ADCategories" */;
			compatibilityVersion = "Xcode 3.2";
			developmentRegion = en;
			hasScannedForEncodings = 0;
			knownRegions = (
				Base,
				en,
			);
			mainGroup = 6003F581195388D10070C39A;
			productRefGroup = 6003F58B195388D20070C39A /* Products */;
			projectDirPath = "";
			projectRoot = "";
			targets = (
				6003F589195388D20070C39A /* ADCategories_Example */,
				6003F5AD195388D20070C39A /* ADCategories_Tests */,
			);
		};
/* End PBXProject section */

/* Begin PBXResourcesBuildPhase section */
		6003F588195388D20070C39A /* Resources */ = {
			isa = PBXResourcesBuildPhase;
			buildActionMask = 2147483647;
			files = (
				873B8AEB1B1F5CCA007FD442 /* Main.storyboard in Resources */,
				126E46EF24372120009A91D2 /* MBProgressHUD.bundle in Resources */,
				71719F9F1E33DC2100824A3D /* LaunchScreen.storyboard in Resources */,
				6003F5A9195388D20070C39A /* Assets.xcassets in Resources */,
			);
			runOnlyForDeploymentPostprocessing = 0;
		};
		6003F5AC195388D20070C39A /* Resources */ = {
			isa = PBXResourcesBuildPhase;
			buildActionMask = 2147483647;
			files = (
			);
			runOnlyForDeploymentPostprocessing = 0;
		};
/* End PBXResourcesBuildPhase section */

/* Begin PBXShellScriptBuildPhase section */
		339D358CEF11F211A34EC26B /* [CP] Embed Pods Frameworks */ = {
			isa = PBXShellScriptBuildPhase;
			buildActionMask = 2147483647;
			files = (
			);
			inputPaths = (
				"${PODS_ROOT}/Target Support Files/Pods-ADCategories_Example/Pods-ADCategories_Example-frameworks.sh",
				"${BUILT_PRODUCTS_DIR}/ADCategories/ADCategories.framework",
				"${BUILT_PRODUCTS_DIR}/MBProgressHUD/MBProgressHUD.framework",
			);
			name = "[CP] Embed Pods Frameworks";
			outputPaths = (
				"${TARGET_BUILD_DIR}/${FRAMEWORKS_FOLDER_PATH}/ADCategories.framework",
				"${TARGET_BUILD_DIR}/${FRAMEWORKS_FOLDER_PATH}/MBProgressHUD.framework",
			);
			runOnlyForDeploymentPostprocessing = 0;
			shellPath = /bin/sh;
			shellScript = "\"${PODS_ROOT}/Target Support Files/Pods-ADCategories_Example/Pods-ADCategories_Example-frameworks.sh\"\n";
			showEnvVarsInLog = 0;
		};
		A96A48EDF8FF39308FAB1E02 /* [CP] Check Pods Manifest.lock */ = {
			isa = PBXShellScriptBuildPhase;
			buildActionMask = 2147483647;
			files = (
			);
			inputFileListPaths = (
			);
			inputPaths = (
				"${PODS_PODFILE_DIR_PATH}/Podfile.lock",
				"${PODS_ROOT}/Manifest.lock",
			);
			name = "[CP] Check Pods Manifest.lock";
			outputFileListPaths = (
			);
			outputPaths = (
				"$(DERIVED_FILE_DIR)/Pods-ADCategories_Tests-checkManifestLockResult.txt",
			);
			runOnlyForDeploymentPostprocessing = 0;
			shellPath = /bin/sh;
			shellScript = "diff \"${PODS_PODFILE_DIR_PATH}/Podfile.lock\" \"${PODS_ROOT}/Manifest.lock\" > /dev/null\nif [ $? != 0 ] ; then\n    # print error to STDERR\n    echo \"error: The sandbox is not in sync with the Podfile.lock. Run 'pod install' or update your CocoaPods installation.\" >&2\n    exit 1\nfi\n# This output is used by Xcode 'outputs' to avoid re-running this script phase.\necho \"SUCCESS\" > \"${SCRIPT_OUTPUT_FILE_0}\"\n";
			showEnvVarsInLog = 0;
		};
		BCEDA1A0A69648D4E4DA9D09 /* [CP] Check Pods Manifest.lock */ = {
			isa = PBXShellScriptBuildPhase;
			buildActionMask = 2147483647;
			files = (
			);
			inputFileListPaths = (
			);
			inputPaths = (
				"${PODS_PODFILE_DIR_PATH}/Podfile.lock",
				"${PODS_ROOT}/Manifest.lock",
			);
			name = "[CP] Check Pods Manifest.lock";
			outputFileListPaths = (
			);
			outputPaths = (
				"$(DERIVED_FILE_DIR)/Pods-ADCategories_Example-checkManifestLockResult.txt",
			);
			runOnlyForDeploymentPostprocessing = 0;
			shellPath = /bin/sh;
			shellScript = "diff \"${PODS_PODFILE_DIR_PATH}/Podfile.lock\" \"${PODS_ROOT}/Manifest.lock\" > /dev/null\nif [ $? != 0 ] ; then\n    # print error to STDERR\n    echo \"error: The sandbox is not in sync with the Podfile.lock. Run 'pod install' or update your CocoaPods installation.\" >&2\n    exit 1\nfi\n# This output is used by Xcode 'outputs' to avoid re-running this script phase.\necho \"SUCCESS\" > \"${SCRIPT_OUTPUT_FILE_0}\"\n";
			showEnvVarsInLog = 0;
		};
/* End PBXShellScriptBuildPhase section */

/* Begin PBXSourcesBuildPhase section */
		6003F586195388D20070C39A /* Sources */ = {
			isa = PBXSourcesBuildPhase;
			buildActionMask = 2147483647;
			files = (
				6003F59E195388D20070C39A /* AppDelegate.m in Sources */,
				126E46E924372120009A91D2 /* UIBarButtonItem+JSExtension.m in Sources */,
				6003F5A7195388D20070C39A /* ViewController.m in Sources */,
				126E46E524372120009A91D2 /* UIColor+ADExtension.m in Sources */,
				126E46E324372120009A91D2 /* UIImage+ADExtension.m in Sources */,
				126E46EA24372120009A91D2 /* UIImageView+HJCornerRadius.m in Sources */,
				126E46EB24372120009A91D2 /* NSString+ADExtension.m in Sources */,
				126E46EC24372120009A91D2 /* NSMutableArray+ADSwizzling.m in Sources */,
				126E46E624372120009A91D2 /* UIView+ADExtension.m in Sources */,
				126E46ED24372120009A91D2 /* NSObject+ADProperty.m in Sources */,
				6003F59A195388D20070C39A /* main.m in Sources */,
				126E46EE24372120009A91D2 /* MBProgressHUD+Extension.m in Sources */,
				126E46E424372120009A91D2 /* UIButton+ADImagePosition.m in Sources */,
				126E46E824372120009A91D2 /* UITextView+Placeholder.m in Sources */,
				126E46E724372120009A91D2 /* UIView+ADFrame.m in Sources */,
			);
			runOnlyForDeploymentPostprocessing = 0;
		};
		6003F5AA195388D20070C39A /* Sources */ = {
			isa = PBXSourcesBuildPhase;
			buildActionMask = 2147483647;
			files = (
				6003F5BC195388D20070C39A /* Tests.m in Sources */,
			);
			runOnlyForDeploymentPostprocessing = 0;
		};
/* End PBXSourcesBuildPhase section */

/* Begin PBXTargetDependency section */
		6003F5B4195388D20070C39A /* PBXTargetDependency */ = {
			isa = PBXTargetDependency;
			target = 6003F589195388D20070C39A /* ADCategories_Example */;
			targetProxy = 6003F5B3195388D20070C39A /* PBXContainerItemProxy */;
		};
/* End PBXTargetDependency section */

/* Begin PBXVariantGroup section */
		71719F9D1E33DC2100824A3D /* LaunchScreen.storyboard */ = {
			isa = PBXVariantGroup;
			children = (
				71719F9E1E33DC2100824A3D /* Base */,
			);
			name = LaunchScreen.storyboard;
			sourceTree = "<group>";
		};
/* End PBXVariantGroup section */

/* Begin XCBuildConfiguration section */
		6003F5BD195388D20070C39A /* Debug */ = {
			isa = XCBuildConfiguration;
			buildSettings = {
				ALWAYS_SEARCH_USER_PATHS = NO;
				CLANG_ANALYZER_LOCALIZABILITY_NONLOCALIZED = YES;
				CLANG_CXX_LANGUAGE_STANDARD = "gnu++0x";
				CLANG_CXX_LIBRARY = "libc++";
				CLANG_ENABLE_MODULES = YES;
				CLANG_ENABLE_OBJC_ARC = YES;
				CLANG_WARN_BLOCK_CAPTURE_AUTORELEASING = YES;
				CLANG_WARN_BOOL_CONVERSION = YES;
				CLANG_WARN_COMMA = YES;
				CLANG_WARN_CONSTANT_CONVERSION = YES;
				CLANG_WARN_DEPRECATED_OBJC_IMPLEMENTATIONS = YES;
				CLANG_WARN_DIRECT_OBJC_ISA_USAGE = YES_ERROR;
				CLANG_WARN_EMPTY_BODY = YES;
				CLANG_WARN_ENUM_CONVERSION = YES;
				CLANG_WARN_INFINITE_RECURSION = YES;
				CLANG_WARN_INT_CONVERSION = YES;
				CLANG_WARN_NON_LITERAL_NULL_CONVERSION = YES;
				CLANG_WARN_OBJC_IMPLICIT_RETAIN_SELF = YES;
				CLANG_WARN_OBJC_LITERAL_CONVERSION = YES;
				CLANG_WARN_OBJC_ROOT_CLASS = YES_ERROR;
				CLANG_WARN_RANGE_LOOP_ANALYSIS = YES;
				CLANG_WARN_STRICT_PROTOTYPES = YES;
				CLANG_WARN_SUSPICIOUS_MOVE = YES;
				CLANG_WARN_UNREACHABLE_CODE = YES;
				CLANG_WARN__DUPLICATE_METHOD_MATCH = YES;
				"CODE_SIGN_IDENTITY[sdk=iphoneos*]" = "iPhone Developer";
				COPY_PHASE_STRIP = NO;
				ENABLE_STRICT_OBJC_MSGSEND = YES;
				ENABLE_TESTABILITY = YES;
				GCC_C_LANGUAGE_STANDARD = gnu99;
				GCC_DYNAMIC_NO_PIC = NO;
				GCC_NO_COMMON_BLOCKS = YES;
				GCC_OPTIMIZATION_LEVEL = 0;
				GCC_PREPROCESSOR_DEFINITIONS = (
					"DEBUG=1",
					"$(inherited)",
				);
				GCC_SYMBOLS_PRIVATE_EXTERN = NO;
				GCC_WARN_64_TO_32_BIT_CONVERSION = YES;
				GCC_WARN_ABOUT_RETURN_TYPE = YES_ERROR;
				GCC_WARN_UNDECLARED_SELECTOR = YES;
				GCC_WARN_UNINITIALIZED_AUTOS = YES_AGGRESSIVE;
				GCC_WARN_UNUSED_FUNCTION = YES;
				GCC_WARN_UNUSED_VARIABLE = YES;
				IPHONEOS_DEPLOYMENT_TARGET = 9.0;
				ONLY_ACTIVE_ARCH = YES;
				SDKROOT = iphoneos;
				TARGETED_DEVICE_FAMILY = "1,2";
			};
			name = Debug;
		};
		6003F5BE195388D20070C39A /* Release */ = {
			isa = XCBuildConfiguration;
			buildSettings = {
				ALWAYS_SEARCH_USER_PATHS = NO;
				CLANG_ANALYZER_LOCALIZABILITY_NONLOCALIZED = YES;
				CLANG_CXX_LANGUAGE_STANDARD = "gnu++0x";
				CLANG_CXX_LIBRARY = "libc++";
				CLANG_ENABLE_MODULES = YES;
				CLANG_ENABLE_OBJC_ARC = YES;
				CLANG_WARN_BLOCK_CAPTURE_AUTORELEASING = YES;
				CLANG_WARN_BOOL_CONVERSION = YES;
				CLANG_WARN_COMMA = YES;
				CLANG_WARN_CONSTANT_CONVERSION = YES;
				CLANG_WARN_DEPRECATED_OBJC_IMPLEMENTATIONS = YES;
				CLANG_WARN_DIRECT_OBJC_ISA_USAGE = YES_ERROR;
				CLANG_WARN_EMPTY_BODY = YES;
				CLANG_WARN_ENUM_CONVERSION = YES;
				CLANG_WARN_INFINITE_RECURSION = YES;
				CLANG_WARN_INT_CONVERSION = YES;
				CLANG_WARN_NON_LITERAL_NULL_CONVERSION = YES;
				CLANG_WARN_OBJC_IMPLICIT_RETAIN_SELF = YES;
				CLANG_WARN_OBJC_LITERAL_CONVERSION = YES;
				CLANG_WARN_OBJC_ROOT_CLASS = YES_ERROR;
				CLANG_WARN_RANGE_LOOP_ANALYSIS = YES;
				CLANG_WARN_STRICT_PROTOTYPES = YES;
				CLANG_WARN_SUSPICIOUS_MOVE = YES;
				CLANG_WARN_UNREACHABLE_CODE = YES;
				CLANG_WARN__DUPLICATE_METHOD_MATCH = YES;
				"CODE_SIGN_IDENTITY[sdk=iphoneos*]" = "iPhone Developer";
				COPY_PHASE_STRIP = YES;
				ENABLE_NS_ASSERTIONS = NO;
				ENABLE_STRICT_OBJC_MSGSEND = YES;
				GCC_C_LANGUAGE_STANDARD = gnu99;
				GCC_NO_COMMON_BLOCKS = YES;
				GCC_WARN_64_TO_32_BIT_CONVERSION = YES;
				GCC_WARN_ABOUT_RETURN_TYPE = YES_ERROR;
				GCC_WARN_UNDECLARED_SELECTOR = YES;
				GCC_WARN_UNINITIALIZED_AUTOS = YES_AGGRESSIVE;
				GCC_WARN_UNUSED_FUNCTION = YES;
				GCC_WARN_UNUSED_VARIABLE = YES;
				IPHONEOS_DEPLOYMENT_TARGET = 9.0;
				SDKROOT = iphoneos;
				TARGETED_DEVICE_FAMILY = "1,2";
				VALIDATE_PRODUCT = YES;
			};
			name = Release;
		};
		6003F5C0195388D20070C39A /* Debug */ = {
			isa = XCBuildConfiguration;
			baseConfigurationReference = 026D680FC9840FF04AF3ED16 /* Pods-ADCategories_Example.debug.xcconfig */;
			buildSettings = {
				ASSETCATALOG_COMPILER_APPICON_NAME = AppIcon;
				GCC_PRECOMPILE_PREFIX_HEADER = NO;
				GCC_PREFIX_HEADER = "";
				INFOPLIST_FILE = ADCategories/Other/info.plist;
				MODULE_NAME = ExampleApp;
				PRODUCT_BUNDLE_IDENTIFIER = "org.cocoapods.demo.${PRODUCT_NAME:rfc1034identifier}";
				PRODUCT_NAME = "$(TARGET_NAME)";
				SWIFT_VERSION = 4.0;
				WRAPPER_EXTENSION = app;
			};
			name = Debug;
		};
		6003F5C1195388D20070C39A /* Release */ = {
			isa = XCBuildConfiguration;
			baseConfigurationReference = 7475C059E51655C69823D9FA /* Pods-ADCategories_Example.release.xcconfig */;
			buildSettings = {
				ASSETCATALOG_COMPILER_APPICON_NAME = AppIcon;
				GCC_PRECOMPILE_PREFIX_HEADER = NO;
				GCC_PREFIX_HEADER = "";
				INFOPLIST_FILE = ADCategories/Other/info.plist;
				MODULE_NAME = ExampleApp;
				PRODUCT_BUNDLE_IDENTIFIER = "org.cocoapods.demo.${PRODUCT_NAME:rfc1034identifier}";
				PRODUCT_NAME = "$(TARGET_NAME)";
				SWIFT_VERSION = 4.0;
				WRAPPER_EXTENSION = app;
			};
			name = Release;
		};
		6003F5C3195388D20070C39A /* Debug */ = {
			isa = XCBuildConfiguration;
			baseConfigurationReference = E178C8C3E169D53910FF1E19 /* Pods-ADCategories_Tests.debug.xcconfig */;
			buildSettings = {
				BUNDLE_LOADER = "$(TEST_HOST)";
				FRAMEWORK_SEARCH_PATHS = (
					"$(PLATFORM_DIR)/Developer/Library/Frameworks",
					"$(inherited)",
					"$(DEVELOPER_FRAMEWORKS_DIR)",
				);
				GCC_PRECOMPILE_PREFIX_HEADER = YES;
				GCC_PREFIX_HEADER = "Tests/Tests-Prefix.pch";
				GCC_PREPROCESSOR_DEFINITIONS = (
					"DEBUG=1",
					"$(inherited)",
				);
				INFOPLIST_FILE = "Tests/Tests-Info.plist";
				PRODUCT_BUNDLE_IDENTIFIER = "org.cocoapods.demo.${PRODUCT_NAME:rfc1034identifier}";
				PRODUCT_NAME = "$(TARGET_NAME)";
				SWIFT_VERSION = 4.0;
				TEST_HOST = "$(BUILT_PRODUCTS_DIR)/ADCategories_Example.app/ADCategories_Example";
				WRAPPER_EXTENSION = xctest;
			};
			name = Debug;
		};
		6003F5C4195388D20070C39A /* Release */ = {
			isa = XCBuildConfiguration;
			baseConfigurationReference = B471E58758EBA5546FAB888C /* Pods-ADCategories_Tests.release.xcconfig */;
			buildSettings = {
				BUNDLE_LOADER = "$(TEST_HOST)";
				FRAMEWORK_SEARCH_PATHS = (
					"$(PLATFORM_DIR)/Developer/Library/Frameworks",
					"$(inherited)",
					"$(DEVELOPER_FRAMEWORKS_DIR)",
				);
				GCC_PRECOMPILE_PREFIX_HEADER = YES;
				GCC_PREFIX_HEADER = "Tests/Tests-Prefix.pch";
				INFOPLIST_FILE = "Tests/Tests-Info.plist";
				PRODUCT_BUNDLE_IDENTIFIER = "org.cocoapods.demo.${PRODUCT_NAME:rfc1034identifier}";
				PRODUCT_NAME = "$(TARGET_NAME)";
				SWIFT_VERSION = 4.0;
				TEST_HOST = "$(BUILT_PRODUCTS_DIR)/ADCategories_Example.app/ADCategories_Example";
				WRAPPER_EXTENSION = xctest;
			};
			name = Release;
		};
/* End XCBuildConfiguration section */

/* Begin XCConfigurationList section */
		6003F585195388D10070C39A /* Build configuration list for PBXProject "ADCategories" */ = {
			isa = XCConfigurationList;
			buildConfigurations = (
				6003F5BD195388D20070C39A /* Debug */,
				6003F5BE195388D20070C39A /* Release */,
			);
			defaultConfigurationIsVisible = 0;
			defaultConfigurationName = Release;
		};
		6003F5BF195388D20070C39A /* Build configuration list for PBXNativeTarget "ADCategories_Example" */ = {
			isa = XCConfigurationList;
			buildConfigurations = (
				6003F5C0195388D20070C39A /* Debug */,
				6003F5C1195388D20070C39A /* Release */,
			);
			defaultConfigurationIsVisible = 0;
			defaultConfigurationName = Release;
		};
		6003F5C2195388D20070C39A /* Build configuration list for PBXNativeTarget "ADCategories_Tests" */ = {
			isa = XCConfigurationList;
			buildConfigurations = (
				6003F5C3195388D20070C39A /* Debug */,
				6003F5C4195388D20070C39A /* Release */,
			);
			defaultConfigurationIsVisible = 0;
			defaultConfigurationName = Release;
		};
/* End XCConfigurationList section */
	};
	rootObject = 6003F582195388D10070C39A /* Project object */;
}
